
Microsoft Visual Studio Solution File, Format Version 12.00
# Visual Studio Version 16
VisualStudioVersion = 16.0.30517.126
MinimumVisualStudioVersion = 10.0.40219.1
Project("{9A19103F-16F7-4668-BE54-9A1E7A4F7556}") = "FiguresLib", "FiguresLib\FiguresLib.csproj", "{39CAC033-CBBA-4923-90BE-D05CA06D3035}"
EndProject
Project("{FAE04EC0-301F-11D3-BF4B-00C04F79EFBC}") = "UnitTestProject1", "UnitTestProject1\UnitTestProject1.csproj", "{43D07F85-F00D-4414-B33A-9E33098A109A}"
EndProject
Global
	GlobalSection(SolutionConfigurationPlatforms) = preSolution
		Debug|Any CPU = Debug|Any CPU
		Release|Any CPU = Release|Any CPU
	EndGlobalSection
	GlobalSection(ProjectConfigurationPlatforms) = postSolution
		{39CAC033-CBBA-4923-90BE-D05CA06D3035}.Debug|Any CPU.ActiveCfg = Debug|Any CPU
		{39CAC033-CBBA-4923-90BE-D05CA06D3035}.Debug|Any CPU.Build.0 = Debug|Any CPU
		{39CAC033-CBBA-4923-90BE-D05CA06D3035}.Release|Any CPU.ActiveCfg = Release|Any CPU
		{39CAC033-CBBA-4923-90BE-D05CA06D3035}.Release|Any CPU.Build.0 = Release|Any CPU
		{43D07F85-F00D-4414-B33A-9E33098A109A}.Debug|Any CPU.ActiveCfg = Debug|Any CPU
		{43D07F85-F00D-4414-B33A-9E33098A109A}.Debug|Any CPU.Build.0 = Debug|Any CPU
		{43D07F85-F00D-4414-B33A-9E33098A109A}.Release|Any CPU.ActiveCfg = Release|Any CPU
		{43D07F85-F00D-4414-B33A-9E33098A109A}.Release|Any CPU.Build.0 = Release|Any CPU
	EndGlobalSection
	GlobalSection(SolutionProperties) = preSolution
		HideSolutionNode = FALSE
	EndGlobalSection
	GlobalSection(ExtensibilityGlobals) = postSolution
		SolutionGuid = {9151EEC4-2E38-473F-9D31-1A40B5F324E3}
	EndGlobalSection
EndGlobal
